// !$*UTF8*$!
{
	archiveVersion = 1;
	classes = {
	};
	objectVersion = 51;
	objects = {

/* Begin PBXBuildFile section */
		6CA9E1A069B67AF400EFCB04 /* Pods_firestore_demo.framework in Frameworks */ = {isa = PBXBuildFile; fileRef = FBE3189EF0B45A84CD81E2C0 /* Pods_firestore_demo.framework */; };
		83FF119F26D697F7003AED31 /* firestore_demoApp.swift in Sources */ = {isa = PBXBuildFile; fileRef = 83FF119E26D697F7003AED31 /* firestore_demoApp.swift */; };
		83FF11A126D697F7003AED31 /* ContentView.swift in Sources */ = {isa = PBXBuildFile; fileRef = 83FF11A026D697F7003AED31 /* ContentView.swift */; };
		83FF11A326D697F8003AED31 /* Assets.xcassets in Resources */ = {isa = PBXBuildFile; fileRef = 83FF11A226D697F8003AED31 /* Assets.xcassets */; };
		83FF11A626D697F8003AED31 /* Preview Assets.xcassets in Resources */ = {isa = PBXBuildFile; fileRef = 83FF11A526D697F8003AED31 /* Preview Assets.xcassets */; };
/* End PBXBuildFile section */

/* Begin PBXFileReference section */
		5B1C565891CB8C5896757525 /* Pods-firestore-demo.debug.xcconfig */ = {isa = PBXFileReference; includeInIndex = 1; lastKnownFileType = text.xcconfig; name = "Pods-firestore-demo.debug.xcconfig"; path = "Target Support Files/Pods-firestore-demo/Pods-firestore-demo.debug.xcconfig"; sourceTree = "<group>"; };
		6BDD523CA81522373400258D /* Pods-firestore-demo.release.xcconfig */ = {isa = PBXFileReference; includeInIndex = 1; lastKnownFileType = text.xcconfig; name = "Pods-firestore-demo.release.xcconfig"; path = "Target Support Files/Pods-firestore-demo/Pods-firestore-demo.release.xcconfig"; sourceTree = "<group>"; };
		83FF119B26D697F7003AED31 /* firestore-demo.app */ = {isa = PBXFileReference; explicitFileType = wrapper.application; includeInIndex = 0; path = "firestore-demo.app"; sourceTree = BUILT_PRODUCTS_DIR; };
		83FF119E26D697F7003AED31 /* firestore_demoApp.swift */ = {isa = PBXFileReference; lastKnownFileType = sourcecode.swift; path = firestore_demoApp.swift; sourceTree = "<group>"; };
		83FF11A026D697F7003AED31 /* ContentView.swift */ = {isa = PBXFileReference; lastKnownFileType = sourcecode.swift; path = ContentView.swift; sourceTree = "<group>"; };
		83FF11A226D697F8003AED31 /* Assets.xcassets */ = {isa = PBXFileReference; lastKnownFileType = folder.assetcatalog; path = Assets.xcassets; sourceTree = "<group>"; };
		83FF11A526D697F8003AED31 /* Preview Assets.xcassets */ = {isa = PBXFileReference; lastKnownFileType = folder.assetcatalog; path = "Preview Assets.xcassets"; sourceTree = "<group>"; };
		83FF11A726D697F8003AED31 /* Info.plist */ = {isa = PBXFileReference; lastKnownFileType = text.plist.xml; path = Info.plist; sourceTree = "<group>"; };
		FBE3189EF0B45A84CD81E2C0 /* Pods_firestore_demo.framework */ = {isa = PBXFileReference; explicitFileType = wrapper.framework; includeInIndex = 0; path = Pods_firestore_demo.framework; sourceTree = BUILT_PRODUCTS_DIR; };
/* End PBXFileReference section */

/* Begin PBXFrameworksBuildPhase section */
		83FF119826D697F7003AED31 /* Frameworks */ = {
			isa = PBXFrameworksBuildPhase;
			buildActionMask = 2147483647;
			files = (
				6CA9E1A069B67AF400EFCB04 /* Pods_firestore_demo.framework in Frameworks */,
			);
			runOnlyForDeploymentPostprocessing = 0;
		};
/* End PBXFrameworksBuildPhase section */

/* Begin PBXGroup section */
		3E8CA5440DC61175DC742A8D /* Pods */ = {
			isa = PBXGroup;
			children = (
				5B1C565891CB8C5896757525 /* Pods-firestore-demo.debug.xcconfig */,
				6BDD523CA81522373400258D /* Pods-firestore-demo.release.xcconfig */,
			);
			path = Pods;
			sourceTree = "<group>";
		};
		6F4560646324A66419E11145 /* Frameworks */ = {
			isa = PBXGroup;
			children = (
				FBE3189EF0B45A84CD81E2C0 /* Pods_firestore_demo.framework */,
			);
			name = Frameworks;
			sourceTree = "<group>";
		};
		83FF119226D697F7003AED31 = {
			isa = PBXGroup;
			children = (
				83FF119D26D697F7003AED31 /* firestore-demo */,
				83FF119C26D697F7003AED31 /* Products */,
				3E8CA5440DC61175DC742A8D /* Pods */,
				6F4560646324A66419E11145 /* Frameworks */,
			);
			sourceTree = "<group>";
		};
		83FF119C26D697F7003AED31 /* Products */ = {
			isa = PBXGroup;
			children = (
				83FF119B26D697F7003AED31 /* firestore-demo.app */,
			);
			name = Products;
			sourceTree = "<group>";
		};
		83FF119D26D697F7003AED31 /* firestore-demo */ = {
			isa = PBXGroup;
			children = (
				83FF119E26D697F7003AED31 /* firestore_demoApp.swift */,
				83FF11A026D697F7003AED31 /* ContentView.swift */,
				83FF11A226D697F8003AED31 /* Assets.xcassets */,
				83FF11A726D697F8003AED31 /* Info.plist */,
				83FF11A426D697F8003AED31 /* Preview Content */,
			);
			path = "firestore-demo";
			sourceTree = "<group>";
		};
		83FF11A426D697F8003AED31 /* Preview Content */ = {
			isa = PBXGroup;
			children = (
				83FF11A526D697F8003AED31 /* Preview Assets.xcassets */,
			);
			path = "Preview Content";
			sourceTree = "<group>";
		};
/* End PBXGroup section */

/* Begin PBXNativeTarget section */
		83FF119A26D697F7003AED31 /* firestore-demo */ = {
			isa = PBXNativeTarget;
			buildConfigurationList = 83FF11AA26D697F8003AED31 /* Build configuration list for PBXNativeTarget "firestore-demo" */;
			buildPhases = (
				8857A691F778C94B0C2782E0 /* [CP] Check Pods Manifest.lock */,
				83FF119726D697F7003AED31 /* Sources */,
				83FF119826D697F7003AED31 /* Frameworks */,
				83FF119926D697F7003AED31 /* Resources */,
				3DA2B81976B720B09D63A9E5 /* [CP] Embed Pods Frameworks */,
			);
			buildRules = (
			);
			dependencies = (
			);
			name = "firestore-demo";
			productName = "firestore-demo";
			productReference = 83FF119B26D697F7003AED31 /* firestore-demo.app */;
			productType = "com.apple.product-type.application";
		};
/* End PBXNativeTarget section */

/* Begin PBXProject section */
		83FF119326D697F7003AED31 /* Project object */ = {
			isa = PBXProject;
			attributes = {
				LastSwiftUpdateCheck = 1250;
				LastUpgradeCheck = 1250;
				TargetAttributes = {
					83FF119A26D697F7003AED31 = {
						CreatedOnToolsVersion = 12.5.1;
					};
				};
			};
			buildConfigurationList = 83FF119626D697F7003AED31 /* Build configuration list for PBXProject "firestore-demo" */;
			compatibilityVersion = "Xcode 9.3";
			developmentRegion = en;
			hasScannedForEncodings = 0;
			knownRegions = (
				en,
				Base,
			);
			mainGroup = 83FF119226D697F7003AED31;
			productRefGroup = 83FF119C26D697F7003AED31 /* Products */;
			projectDirPath = "";
			projectRoot = "";
			targets = (
				83FF119A26D697F7003AED31 /* firestore-demo */,
			);
		};
/* End PBXProject section */

/* Begin PBXResourcesBuildPhase section */
		83FF119926D697F7003AED31 /* Resources */ = {
			isa = PBXResourcesBuildPhase;
			buildActionMask = 2147483647;
			files = (
				83FF11A626D697F8003AED31 /* Preview Assets.xcassets in Resources */,
				83FF11A326D697F8003AED31 /* Assets.xcassets in Resources */,
			);
			runOnlyForDeploymentPostprocessing = 0;
		};
/* End PBXResourcesBuildPhase section */

/* Begin PBXShellScriptBuildPhase section */
		3DA2B81976B720B09D63A9E5 /* [CP] Embed Pods Frameworks */ = {
			isa = PBXShellScriptBuildPhase;
			buildActionMask = 2147483647;
			files = (
			);
			inputFileListPaths = (
				"${PODS_ROOT}/Target Support Files/Pods-firestore-demo/Pods-firestore-demo-frameworks-${CONFIGURATION}-input-files.xcfilelist",
			);
			name = "[CP] Embed Pods Frameworks";
			outputFileListPaths = (
				"${PODS_ROOT}/Target Support Files/Pods-firestore-demo/Pods-firestore-demo-frameworks-${CONFIGURATION}-output-files.xcfilelist",
			);
			runOnlyForDeploymentPostprocessing = 0;
			shellPath = /bin/sh;
			shellScript = "\"${PODS_ROOT}/Target Support Files/Pods-firestore-demo/Pods-firestore-demo-frameworks.sh\"\n";
			showEnvVarsInLog = 0;
		};
		8857A691F778C94B0C2782E0 /* [CP] Check Pods Manifest.lock */ = {
			isa = PBXShellScriptBuildPhase;
			buildActionMask = 2147483647;
			files = (
			);
			inputFileListPaths = (
			);
			inputPaths = (
				"${PODS_PODFILE_DIR_PATH}/Podfile.lock",
				"${PODS_ROOT}/Manifest.lock",
			);
			name = "[CP] Check Pods Manifest.lock";
			outputFileListPaths = (
			);
			outputPaths = (
				"$(DERIVED_FILE_DIR)/Pods-firestore-demo-checkManifestLockResult.txt",
			);
			runOnlyForDeploymentPostprocessing = 0;
			shellPath = /bin/sh;
			shellScript = "diff \"${PODS_PODFILE_DIR_PATH}/Podfile.lock\" \"${PODS_ROOT}/Manifest.lock\" > /dev/null\nif [ $? != 0 ] ; then\n    # print error to STDERR\n    echo \"error: The sandbox is not in sync with the Podfile.lock. Run 'pod install' or update your CocoaPods installation.\" >&2\n    exit 1\nfi\n# This output is used by Xcode 'outputs' to avoid re-running this script phase.\necho \"SUCCESS\" > \"${SCRIPT_OUTPUT_FILE_0}\"\n";
			showEnvVarsInLog = 0;
		};
/* End PBXShellScriptBuildPhase section */

/* Begin PBXSourcesBuildPhase section */
		83FF119726D697F7003AED31 /* Sources */ = {
			isa = PBXSourcesBuildPhase;
			buildActionMask = 2147483647;
			files = (
				83FF11A126D697F7003AED31 /* ContentView.swift in Sources */,
				83FF119F26D697F7003AED31 /* firestore_demoApp.swift in Sources */,
			);
			runOnlyForDeploymentPostprocessing = 0;
		};
/* End PBXSourcesBuildPhase section */

/* Begin XCBuildConfiguration section */
		83FF11A826D697F8003AED31 /* Debug */ = {
			isa = XCBuildConfiguration;
			buildSettings = {
				ALWAYS_SEARCH_USER_PATHS = NO;
				CLANG_ANALYZER_NONNULL = YES;
				CLANG_ANALYZER_NUMBER_OBJECT_CONVERSION = YES_AGGRESSIVE;
				CLANG_CXX_LANGUAGE_STANDARD = "gnu++14";
				CLANG_CXX_LIBRARY = "libc++";
				CLANG_ENABLE_MODULES = YES;
				CLANG_ENABLE_OBJC_ARC = YES;
				CLANG_ENABLE_OBJC_WEAK = YES;
				CLANG_WARN_BLOCK_CAPTURE_AUTORELEASING = YES;
				CLANG_WARN_BOOL_CONVERSION = YES;
				CLANG_WARN_COMMA = YES;
				CLANG_WARN_CONSTANT_CONVERSION = YES;
				CLANG_WARN_DEPRECATED_OBJC_IMPLEMENTATIONS = YES;
				CLANG_WARN_DIRECT_OBJC_ISA_USAGE = YES_ERROR;
				CLANG_WARN_DOCUMENTATION_COMMENTS = YES;
				CLANG_WARN_EMPTY_BODY = YES;
				CLANG_WARN_ENUM_CONVERSION = YES;
				CLANG_WARN_INFINITE_RECURSION = YES;
				CLANG_WARN_INT_CONVERSION = YES;
				CLANG_WARN_NON_LITERAL_NULL_CONVERSION = YES;
				CLANG_WARN_OBJC_IMPLICIT_RETAIN_SELF = YES;
				CLANG_WARN_OBJC_LITERAL_CONVERSION = YES;
				CLANG_WARN_OBJC_ROOT_CLASS = YES_ERROR;
				CLANG_WARN_QUOTED_INCLUDE_IN_FRAMEWORK_HEADER = YES;
				CLANG_WARN_RANGE_LOOP_ANALYSIS = YES;
				CLANG_WARN_STRICT_PROTOTYPES = YES;
				CLANG_WARN_SUSPICIOUS_MOVE = YES;
				CLANG_WARN_UNGUARDED_AVAILABILITY = YES_AGGRESSIVE;
				CLANG_WARN_UNREACHABLE_CODE = YES;
				CLANG_WARN__DUPLICATE_METHOD_MATCH = YES;
				COPY_PHASE_STRIP = NO;
				DEBUG_INFORMATION_FORMAT = dwarf;
				ENABLE_STRICT_OBJC_MSGSEND = YES;
				ENABLE_TESTABILITY = YES;
				GCC_C_LANGUAGE_STANDARD = gnu11;
				GCC_DYNAMIC_NO_PIC = NO;
				GCC_NO_COMMON_BLOCKS = YES;
				GCC_OPTIMIZATION_LEVEL = 0;
				GCC_PREPROCESSOR_DEFINITIONS = (
					"DEBUG=1",
					"$(inherited)",
				);
				GCC_WARN_64_TO_32_BIT_CONVERSION = YES;
				GCC_WARN_ABOUT_RETURN_TYPE = YES_ERROR;
				GCC_WARN_UNDECLARED_SELECTOR = YES;
				GCC_WARN_UNINITIALIZED_AUTOS = YES_AGGRESSIVE;
				GCC_WARN_UNUSED_FUNCTION = YES;
				GCC_WARN_UNUSED_VARIABLE = YES;
				IPHONEOS_DEPLOYMENT_TARGET = 14.5;
				MTL_ENABLE_DEBUG_INFO = INCLUDE_SOURCE;
				MTL_FAST_MATH = YES;
				ONLY_ACTIVE_ARCH = YES;
				SDKROOT = iphoneos;
				SWIFT_ACTIVE_COMPILATION_CONDITIONS = DEBUG;
				SWIFT_OPTIMIZATION_LEVEL = "-Onone";
			};
			name = Debug;
		};
		83FF11A926D697F8003AED31 /* Release */ = {
			isa = XCBuildConfiguration;
			buildSettings = {
				ALWAYS_SEARCH_USER_PATHS = NO;
				CLANG_ANALYZER_NONNULL = YES;
				CLANG_ANALYZER_NUMBER_OBJECT_CONVERSION = YES_AGGRESSIVE;
				CLANG_CXX_LANGUAGE_STANDARD = "gnu++14";
				CLANG_CXX_LIBRARY = "libc++";
				CLANG_ENABLE_MODULES = YES;
				CLANG_ENABLE_OBJC_ARC = YES;
				CLANG_ENABLE_OBJC_WEAK = YES;
				CLANG_WARN_BLOCK_CAPTURE_AUTORELEASING = YES;
				CLANG_WARN_BOOL_CONVERSION = YES;
				CLANG_WARN_COMMA = YES;
				CLANG_WARN_CONSTANT_CONVERSION = YES;
				CLANG_WARN_DEPRECATED_OBJC_IMPLEMENTATIONS = YES;
				CLANG_WARN_DIRECT_OBJC_ISA_USAGE = YES_ERROR;
				CLANG_WARN_DOCUMENTATION_COMMENTS = YES;
				CLANG_WARN_EMPTY_BODY = YES;
				CLANG_WARN_ENUM_CONVERSION = YES;
				CLANG_WARN_INFINITE_RECURSION = YES;
				CLANG_WARN_INT_CONVERSION = YES;
				CLANG_WARN_NON_LITERAL_NULL_CONVERSION = YES;
				CLANG_WARN_OBJC_IMPLICIT_RETAIN_SELF = YES;
				CLANG_WARN_OBJC_LITERAL_CONVERSION = YES;
				CLANG_WARN_OBJC_ROOT_CLASS = YES_ERROR;
				CLANG_WARN_QUOTED_INCLUDE_IN_FRAMEWORK_HEADER = YES;
				CLANG_WARN_RANGE_LOOP_ANALYSIS = YES;
				CLANG_WARN_STRICT_PROTOTYPES = YES;
				CLANG_WARN_SUSPICIOUS_MOVE = YES;
				CLANG_WARN_UNGUARDED_AVAILABILITY = YES_AGGRESSIVE;
				CLANG_WARN_UNREACHABLE_CODE = YES;
				CLANG_WARN__DUPLICATE_METHOD_MATCH = YES;
				COPY_PHASE_STRIP = NO;
				DEBUG_INFORMATION_FORMAT = "dwarf-with-dsym";
				ENABLE_NS_ASSERTIONS = NO;
				ENABLE_STRICT_OBJC_MSGSEND = YES;
				GCC_C_LANGUAGE_STANDARD = gnu11;
				GCC_NO_COMMON_BLOCKS = YES;
				GCC_WARN_64_TO_32_BIT_CONVERSION = YES;
				GCC_WARN_ABOUT_RETURN_TYPE = YES_ERROR;
				GCC_WARN_UNDECLARED_SELECTOR = YES;
				GCC_WARN_UNINITIALIZED_AUTOS = YES_AGGRESSIVE;
				GCC_WARN_UNUSED_FUNCTION = YES;
				GCC_WARN_UNUSED_VARIABLE = YES;
				IPHONEOS_DEPLOYMENT_TARGET = 14.5;
				MTL_ENABLE_DEBUG_INFO = NO;
				MTL_FAST_MATH = YES;
				SDKROOT = iphoneos;
				SWIFT_COMPILATION_MODE = wholemodule;
				SWIFT_OPTIMIZATION_LEVEL = "-O";
				VALIDATE_PRODUCT = YES;
			};
			name = Release;
		};
		83FF11AB26D697F8003AED31 /* Debug */ = {
			isa = XCBuildConfiguration;
			baseConfigurationReference = 5B1C565891CB8C5896757525 /* Pods-firestore-demo.debug.xcconfig */;
			buildSettings = {
				ASSETCATALOG_COMPILER_APPICON_NAME = AppIcon;
				ASSETCATALOG_COMPILER_GLOBAL_ACCENT_COLOR_NAME = AccentColor;
				CODE_SIGN_STYLE = Automatic;
				DEVELOPMENT_ASSET_PATHS = "\"firestore-demo/Preview Content\"";
				DEVELOPMENT_TEAM = Q53T86P258;
				ENABLE_PREVIEWS = YES;
				INFOPLIST_FILE = "firestore-demo/Info.plist";
				IPHONEOS_DEPLOYMENT_TARGET = 14.0;
				LD_RUNPATH_SEARCH_PATHS = (
					"$(inherited)",
					"@executable_path/Frameworks",
				);
				PRODUCT_BUNDLE_IDENTIFIER = "com.codewithchris.firestore-demo";
				PRODUCT_NAME = "$(TARGET_NAME)";
				SWIFT_VERSION = 5.0;
				TARGETED_DEVICE_FAMILY = "1,2";
			};
			name = Debug;
		};
		83FF11AC26D697F8003AED31 /* Release */ = {
			isa = XCBuildConfiguration;
			baseConfigurationReference = 6BDD523CA81522373400258D /* Pods-firestore-demo.release.xcconfig */;
			buildSettings = {
				ASSETCATALOG_COMPILER_APPICON_NAME = AppIcon;
				ASSETCATALOG_COMPILER_GLOBAL_ACCENT_COLOR_NAME = AccentColor;
				CODE_SIGN_STYLE = Automatic;
				DEVELOPMENT_ASSET_PATHS = "\"firestore-demo/Preview Content\"";
				DEVELOPMENT_TEAM = Q53T86P258;
				ENABLE_PREVIEWS = YES;
				INFOPLIST_FILE = "firestore-demo/Info.plist";
				IPHONEOS_DEPLOYMENT_TARGET = 14.0;
				LD_RUNPATH_SEARCH_PATHS = (
					"$(inherited)",
					"@executable_path/Frameworks",
				);
				PRODUCT_BUNDLE_IDENTIFIER = "com.codewithchris.firestore-demo";
				PRODUCT_NAME = "$(TARGET_NAME)";
				SWIFT_VERSION = 5.0;
				TARGETED_DEVICE_FAMILY = "1,2";
			};
			name = Release;
		};
/* End XCBuildConfiguration section */

/* Begin XCConfigurationList section */
		83FF119626D697F7003AED31 /* Build configuration list for PBXProject "firestore-demo" */ = {
			isa = XCConfigurationList;
			buildConfigurations = (
				83FF11A826D697F8003AED31 /* Debug */,
				83FF11A926D697F8003AED31 /* Release */,
			);
			defaultConfigurationIsVisible = 0;
			defaultConfigurationName = Release;
		};
		83FF11AA26D697F8003AED31 /* Build configuration list for PBXNativeTarget "firestore-demo" */ = {
			isa = XCConfigurationList;
			buildConfigurations = (
				83FF11AB26D697F8003AED31 /* Debug */,
				83FF11AC26D697F8003AED31 /* Release */,
			);
			defaultConfigurationIsVisible = 0;
			defaultConfigurationName = Release;
		};
/* End XCConfigurationList section */
	};
	rootObject = 83FF119326D697F7003AED31 /* Project object */;
}
